
Microsoft Visual Studio Solution File, Format Version 12.00
# Visual Studio Version 17
VisualStudioVersion = 17.5.33516.290
MinimumVisualStudioVersion = 10.0.40219.1
Project("{FAE04EC0-301F-11D3-BF4B-00C04F79EFBC}") = "WebApplicationProjectAgent", "WebApplicationProjectAgent\WebApplicationProjectAgent.csproj", "{94E7F908-736F-4E8E-94E2-967904EB1AE6}"
EndProject
Global
	GlobalSection(SolutionConfigurationPlatforms) = preSolution
		Debug|Any CPU = Debug|Any CPU
		Release|Any CPU = Release|Any CPU
	EndGlobalSection
	GlobalSection(ProjectConfigurationPlatforms) = postSolution
		{94E7F908-736F-4E8E-94E2-967904EB1AE6}.Debug|Any CPU.ActiveCfg = Debug|Any CPU
		{94E7F908-736F-4E8E-94E2-967904EB1AE6}.Debug|Any CPU.Build.0 = Debug|Any CPU
		{94E7F908-736F-4E8E-94E2-967904EB1AE6}.Release|Any CPU.ActiveCfg = Release|Any CPU
		{94E7F908-736F-4E8E-94E2-967904EB1AE6}.Release|Any CPU.Build.0 = Release|Any CPU
	EndGlobalSection
	GlobalSection(SolutionProperties) = preSolution
		HideSolutionNode = FALSE
	EndGlobalSection
	GlobalSection(ExtensibilityGlobals) = postSolution
		SolutionGuid = {FE1D3B26-4DBA-4D61-B62E-106706779D58}
	EndGlobalSection
EndGlobal
